[[package]]
name = 'bytes_extended'
source = 'path+from-root-D26B060B9C691B9B'
dependencies = ['std']

[[package]]
name = 'core'
source = 'path+from-root-211041F05ED22121'

[[package]]
name = 'hyperlane-mailbox'
source = 'member'
dependencies = [
    'hyperlane_message',
    'merkle',
    'std git+https://github.com/fuellabs/sway?tag=v0.31.3#12ad8423811d566972dd75fbb954cdb95afde8d8',
]

[[package]]
name = 'hyperlane_message'
source = 'path+from-root-D26B060B9C691B9B'
dependencies = [
    'bytes_extended',
    'std git+https://github.com/fuellabs/sway?branch=master#22a150537a464a9297dd3f2664b5ca4ad303c677',
]

[[package]]
name = 'hyperlane_message'
source = 'path+from-root-D26B060B9C691B9B'
dependencies = [
    'bytes_extended',
    'std',
]

[[package]]
name = 'merkle'
source = 'path+from-root-D26B060B9C691B9B'
dependencies = ['std git+https://github.com/fuellabs/sway?tag=v0.31.3#12ad8423811d566972dd75fbb954cdb95afde8d8']

[[package]]
name = 'std'
source = 'git+https://github.com/fuellabs/sway?branch=master#22a150537a464a9297dd3f2664b5ca4ad303c677'
dependencies = ['core path+from-root-0076623D65EB340A']

[[package]]
name = 'std'
source = 'git+https://github.com/fuellabs/sway?tag=v0.32.1#50c1b6c858c044acf88760cb7eb1b39d076f322d'
dependencies = ['core']
