[[package]]
name = 'bytes_extended'
source = 'path+from-root-D26B060B9C691B9B'
dependencies = ['std']

[[package]]
name = 'core'
source = 'path+from-root-E6BBD1A08F478960'

[[package]]
name = 'hyperlane-mailbox'
source = 'member'
dependencies = [
    'hyperlane_interfaces',
    'hyperlane_message',
    'merkle',
    'std',
]

[[package]]
name = 'hyperlane_interfaces'
source = 'path+from-root-D26B060B9C691B9B'
dependencies = [
    'hyperlane_message',
    'std',
]

[[package]]
name = 'hyperlane_message'
source = 'path+from-root-D26B060B9C691B9B'
dependencies = [
    'bytes_extended',
    'std',
]

[[package]]
name = 'merkle'
source = 'path+from-root-D26B060B9C691B9B'
dependencies = ['std']

[[package]]
name = 'std'
source = 'git+https://github.com/fuellabs/sway?tag=v0.32.2#b9996f13463c324e256014935c053c334b880ab5'
dependencies = ['core']
