[[package]]
name = 'bytes_extended'
source = 'member'
dependencies = ['std']

[[package]]
name = 'core'
source = 'path+from-root-7952FB133DF065C2'

[[package]]
name = 'std'
source = 'git+https://github.com/fuellabs/sway?branch=master#a036dc5a5b6c604f6374b040559ededd4161240e'
dependencies = ['core']
