[[package]]
name = 'bytes_extended'
source = 'member'
dependencies = ['std']

[[package]]
name = 'core'
source = 'path+from-root-000C75AAFDEE1BA6'

[[package]]
name = 'std'
source = 'git+https://github.com/fuellabs/sway?branch=master#783044d87db960695a765f12ba025435b4408ef3'
dependencies = ['core']
