[[package]]
name = 'bytes_extended'
source = 'member'
dependencies = ['std']

[[package]]
name = 'core'
source = 'path+from-root-0076623D65EB340A'

[[package]]
name = 'std'
source = 'git+https://github.com/fuellabs/sway?branch=master#22a150537a464a9297dd3f2664b5ca4ad303c677'
dependencies = ['core']
