[[package]]
name = 'core'
source = 'path+from-root-1AA1C8235B783A81'

[[package]]
name = 'hyperlane-ism-test'
source = 'member'
dependencies = [
    'hyperlane_interfaces',
    'hyperlane_message',
    'std',
]

[[package]]
name = 'hyperlane-mailbox'
source = 'member'
dependencies = [
    'hyperlane_interfaces',
    'hyperlane_message',
    'merkle',
    'ownership path+from-root-7908E40C5BBA5E4E',
    'pause',
    'reentrancy',
    'std',
    'std_lib_extended',
]

[[package]]
name = 'hyperlane-message-test'
source = 'member'
dependencies = [
    'hyperlane_message',
    'std',
]

[[package]]
name = 'hyperlane-msg-recipient-test'
source = 'member'
dependencies = [
    'hyperlane_interfaces',
    'hyperlane_message',
    'std',
    'std_lib_extended',
]

[[package]]
name = 'hyperlane_interfaces'
source = 'member'
dependencies = [
    'hyperlane_message',
    'ownership path+from-root-7908E40C5BBA5E4E',
    'std',
]

[[package]]
name = 'hyperlane_message'
source = 'member'
dependencies = [
    'std',
    'std_lib_extended',
]

[[package]]
name = 'interchain-gas-paymaster'
source = 'member'
dependencies = [
    'hyperlane_interfaces',
    'ownership path+from-root-7908E40C5BBA5E4E',
    'std',
    'std_lib_extended',
]

[[package]]
name = 'interchain-gas-paymaster-test'
source = 'member'
dependencies = [
    'hyperlane_interfaces',
    'std',
]

[[package]]
name = 'merkle'
source = 'member'
dependencies = ['std']

[[package]]
name = 'merkle-test'
source = 'member'
dependencies = [
    'merkle',
    'std',
]

[[package]]
name = 'multisig-ism-metadata-test'
source = 'member'
dependencies = [
    'multisig_ism_metadata',
    'std',
]

[[package]]
name = 'multisig_ism'
source = 'member'
dependencies = [
    'hyperlane_interfaces',
    'hyperlane_message',
    'merkle',
    'multisig_ism_metadata',
    'ownership path+from-root-7908E40C5BBA5E4E',
    'std',
    'std_lib_extended',
    'storagemapvec',
]

[[package]]
name = 'multisig_ism_metadata'
source = 'member'
dependencies = [
    'std',
    'std_lib_extended',
]

[[package]]
name = 'overhead-igp'
source = 'member'
dependencies = [
    'hyperlane_interfaces',
    'ownership path+from-root-7908E40C5BBA5E4E',
    'std',
]

[[package]]
name = 'ownership'
source = 'git+https://github.com/fuellabs/sway-libs?rev#5eab914a245600c9fb453b7715b92acb8015417a'
dependencies = ['std']

[[package]]
name = 'ownership'
source = 'path+from-root-7908E40C5BBA5E4E'
dependencies = ['std']

[[package]]
name = 'pause'
source = 'member'
dependencies = ['std']

[[package]]
name = 'pause-test'
source = 'member'
dependencies = [
    'pause',
    'std',
]

[[package]]
name = 'reentrancy'
source = 'path+from-root-D26B060B9C691B9B'
dependencies = ['std']

[[package]]
name = 'std'
source = 'git+https://github.com/fuellabs/sway?tag=v0.38.0#2d16d70ab9d5ab0de0255941048f811b6d07c6b1'
dependencies = ['core']

[[package]]
name = 'std_lib_extended'
source = 'member'
dependencies = ['std']

[[package]]
name = 'storage-gas-oracle'
source = 'member'
dependencies = [
    'hyperlane_interfaces',
    'ownership git+https://github.com/fuellabs/sway-libs?rev#5eab914a245600c9fb453b7715b92acb8015417a',
    'std',
]

[[package]]
name = 'storagemapvec'
source = 'path+from-root-BFB7C317AD2BC5A8'
dependencies = ['std']

[[package]]
name = 'validator-announce'
source = 'member'
dependencies = [
    'std',
    'std_lib_extended',
    'storagemapvec',
]
