[[package]]
name = 'core'
source = 'path+from-root-FDF4A5DCC6ECD181'

[[package]]
name = 'hyperlane-ism-test'
source = 'member'
dependencies = [
    'hyperlane_interfaces',
    'hyperlane_message',
    'std',
]

[[package]]
name = 'hyperlane-mailbox'
source = 'member'
dependencies = [
    'hyperlane_interfaces',
    'hyperlane_message',
    'merkle',
    'ownership',
    'std',
    'std_lib_extended',
]

[[package]]
name = 'hyperlane-message-test'
source = 'member'
dependencies = [
    'hyperlane_message',
    'std',
]

[[package]]
name = 'hyperlane-msg-recipient-test'
source = 'member'
dependencies = [
    'hyperlane_interfaces',
    'hyperlane_message',
    'std',
    'std_lib_extended',
]

[[package]]
name = 'hyperlane_interfaces'
source = 'member'
dependencies = [
    'hyperlane_message',
    'std',
    'std_lib_extended',
]

[[package]]
name = 'hyperlane_message'
source = 'member'
dependencies = [
    'std',
    'std_lib_extended',
]

[[package]]
name = 'interchain-gas-paymaster'
source = 'member'
dependencies = [
    'hyperlane_interfaces',
    'ownership',
    'std',
    'std_lib_extended',
]

[[package]]
name = 'interchain-gas-paymaster-test'
source = 'member'
dependencies = [
    'hyperlane_interfaces',
    'std',
]

[[package]]
name = 'merkle'
source = 'member'
dependencies = ['std']

[[package]]
name = 'merkle-test'
source = 'member'
dependencies = [
    'merkle',
    'std',
]

[[package]]
name = 'multisig-ism-metadata-test'
source = 'member'
dependencies = [
    'multisig_ism_metadata',
    'std',
]

[[package]]
name = 'multisig_ism'
source = 'member'
dependencies = [
    'hyperlane_interfaces',
    'hyperlane_message',
    'merkle',
    'multisig_ism_metadata',
    'std',
    'std_lib_extended',
    'storagemapvec',
]

[[package]]
name = 'multisig_ism_metadata'
source = 'member'
dependencies = [
    'std',
    'std_lib_extended',
]

[[package]]
name = 'overhead-igp'
source = 'member'
dependencies = [
    'hyperlane_interfaces',
    'ownership',
    'std',
]

[[package]]
name = 'ownership'
source = 'path+from-root-D26B060B9C691B9B'
dependencies = ['std']

[[package]]
name = 'std'
source = 'git+https://github.com/fuellabs/sway?tag=v0.37.0#607ac50176db8bef936f91bacf435d0ea37d041e'
dependencies = ['core']

[[package]]
name = 'std_lib_extended'
source = 'member'
dependencies = ['std']

[[package]]
name = 'storage-gas-oracle'
source = 'member'
dependencies = [
    'hyperlane_interfaces',
    'ownership',
    'std',
]

[[package]]
name = 'storagemapvec'
source = 'git+https://github.com/FuelLabs/sway-libs?tag=v0.8.0#f6bb5c234e020d556e1bc688e0f1f368dc9b0f9a'
dependencies = ['std']

[[package]]
name = 'validator-announce'
source = 'member'
dependencies = [
    'std',
    'std_lib_extended',
    'storagemapvec',
]
