[[package]]
name = 'bytes_extended'
source = 'member'
dependencies = ['std']

[[package]]
name = 'core'
source = 'path+from-root-2C66FC65A00ECA96'

[[package]]
name = 'hyperlane-ism-test'
source = 'member'
dependencies = [
    'hyperlane_interfaces',
    'hyperlane_message',
    'std',
]

[[package]]
name = 'hyperlane-mailbox'
source = 'member'
dependencies = [
    'hyperlane_interfaces',
    'hyperlane_message',
    'merkle',
    'ownership',
    'std',
]

[[package]]
name = 'hyperlane-message-test'
source = 'member'
dependencies = [
    'hyperlane_message',
    'std',
]

[[package]]
name = 'hyperlane-msg-recipient-test'
source = 'member'
dependencies = [
    'hyperlane_interfaces',
    'hyperlane_message',
    'std',
]

[[package]]
name = 'hyperlane_interfaces'
source = 'member'
dependencies = [
    'hyperlane_message',
    'std',
]

[[package]]
name = 'hyperlane_message'
source = 'member'
dependencies = [
    'bytes_extended',
    'std',
]

[[package]]
name = 'merkle'
source = 'member'
dependencies = ['std']

[[package]]
name = 'merkle-test'
source = 'member'
dependencies = [
    'merkle',
    'std',
]

[[package]]
name = 'multisig-ism-metadata-test'
source = 'member'
dependencies = [
    'multisig_ism_metadata',
    'std',
]

[[package]]
name = 'multisig_ism'
source = 'member'
dependencies = [
    'bytes_extended',
    'hyperlane_message',
    'merkle',
    'multisig_ism_metadata',
    'std',
    'storagemapvec',
]

[[package]]
name = 'multisig_ism_metadata'
source = 'member'
dependencies = [
    'bytes_extended',
    'std',
]

[[package]]
name = 'ownership'
source = 'path+from-root-D26B060B9C691B9B'
dependencies = ['std']

[[package]]
name = 'std'
source = 'git+https://github.com/fuellabs/sway?tag=v0.35.5#49eae2dd93a1957e2a2c2fb3f51b11eb3791fc24'
dependencies = ['core']

[[package]]
name = 'storagemapvec'
source = 'git+https://github.com/FuelLabs/sway-libs?default-branch#4c0c99aa98194475671fd1571ab99488c4cdd4e1'
dependencies = ['std']
