[[package]]
name = 'bytes_extended'
source = 'path+from-root-3A407893F450D575'
dependencies = ['std']

[[package]]
name = 'core'
source = 'path+from-root-E6BBD1A08F478960'

[[package]]
name = 'multisig-ism-metadata-test'
source = 'member'
dependencies = [
    'multisig_ism_metadata',
    'std',
]

[[package]]
name = 'multisig_ism_metadata'
source = 'path+from-root-3A407893F450D575'
dependencies = [
    'bytes_extended',
    'std',
]

[[package]]
name = 'std'
source = 'git+https://github.com/fuellabs/sway?tag=v0.32.2#b9996f13463c324e256014935c053c334b880ab5'
dependencies = ['core']
