[[package]]
name = 'bytes_extended'
source = 'path+from-root-7DAF9271A754A20A'
dependencies = ['std']

[[package]]
name = 'core'
source = 'path+from-root-2C66FC65A00ECA96'

[[package]]
name = 'hyperlane_interfaces'
source = 'path+from-root-7DAF9271A754A20A'
dependencies = [
    'hyperlane_message',
    'std',
]

[[package]]
name = 'hyperlane_message'
source = 'path+from-root-7DAF9271A754A20A'
dependencies = [
    'bytes_extended',
    'std',
]

[[package]]
name = 'ownership'
source = 'path+from-root-7DAF9271A754A20A'
dependencies = ['std']

[[package]]
name = 'std'
source = 'git+https://github.com/fuellabs/sway?tag=v0.35.5#49eae2dd93a1957e2a2c2fb3f51b11eb3791fc24'
dependencies = ['core']

[[package]]
name = 'storage-gas-oracle'
source = 'member'
dependencies = [
    'hyperlane_interfaces',
    'ownership',
    'std',
]
