[[package]]
name = 'bytes_extended'
source = 'path+from-root-64977CBC85B6BCED'
dependencies = ['std']

[[package]]
name = 'core'
source = 'path+from-root-B49E7425E3BB579E'

[[package]]
name = 'hyperlane_message'
source = 'member'
dependencies = [
    'bytes_extended',
    'std',
]

[[package]]
name = 'std'
source = 'git+https://github.com/fuellabs/sway?branch=master#60c18fefc5d1e04041e7687678e8982d699489c1'
dependencies = ['core']
